Microsoft Visual Studio Solution File, Format Version 12.00
# Visual Studio Version 16
VisualStudioVersion = 16.0.30907.101
# Visual Studio Version 17
VisualStudioVersion = 17.5.33516.290
MinimumVisualStudioVersion = 10.0.40219.1
Project("{9A19103F-16F7-4668-BE54-9A1E7A4F7556}") = "CBORDocs2", "CBORDocs2\CBORDocs2.csproj", "{B38659A7-A3DB-4CD1-8DFF-641B579E5092}"
EndProject
Project("{9A19103F-16F7-4668-BE54-9A1E7A4F7556}") = "CBOR", "CBOR\CBOR.csproj", "{44A061F7-B6A8-4FBD-993E-3746E8C42D6B}"
EndProject
Project("{FAE04EC0-301F-11D3-BF4B-00C04F79EFBC}") = "CBORDocs2", "CBORDocs2\CBORDocs2.csproj", "{B38659A7-A3DB-4CD1-8DFF-641B579E5092}"
EndProject
Project("{9A19103F-16F7-4668-BE54-9A1E7A4F7556}") = "CBOR", "CBOR\CBOR.csproj", "{44A061F7-B6A8-4FBD-993E-3746E8C42D6B}"
EndProject
Project("{9A19103F-16F7-4668-BE54-9A1E7A4F7556}") = "CBORTest", "CBORTest\CBORTest.csproj", "{8FE63143-541E-448D-8337-A98D1FA51541}"
EndProject
Project("{FAE04EC0-301F-11D3-BF4B-00C04F79EFBC}") = "CBORDocs", "CBORDocs\CBORDocs.csproj", "{B4719819-FE90-4A02-A71B-0169583B4752}"
EndProject
Project("{FAE04EC0-301F-11D3-BF4B-00C04F79EFBC}") = "CBOR20", "CBOR20\CBOR20.csproj", "{C53FD486-9486-43EA-9257-FDD713F57050}"
EndProject
Project("{FAE04EC0-301F-11D3-BF4B-00C04F79EFBC}") = "CBOR40", "CBOR40\CBOR40.csproj", "{F25D228F-FE3D-4BE8-8AEB-DCA3700DFED5}"
Project("{9A19103F-16F7-4668-BE54-9A1E7A4F7556}") = "CBORTest", "CBORTest\CBORTest.csproj", "{8FE63143-541E-448D-8337-A98D1FA51541}"
EndProject
Project("{9A19103F-16F7-4668-BE54-9A1E7A4F7556}") = "CBOR2", "CBOR2\CBOR2.csproj", "{6E257F1E-2248-4883-AC10-4E6C9DD84CA8}"
EndProject
Project("{9A19103F-16F7-4668-BE54-9A1E7A4F7556}") = "CBORTest2", "CBORTest2\CBORTest2.csproj", "{04D014EB-2656-45B1-B798-EE8248D5B110}"
EndProject
Global
	GlobalSection(SolutionConfigurationPlatforms) = preSolution
		Debug|Any CPU = Debug|Any CPU
		Release|Any CPU = Release|Any CPU
	EndGlobalSection
	GlobalSection(ProjectConfigurationPlatforms) = postSolution
		{857523E5-B17E-412E-B890-9DCDFCFB6266}.Debug|Any CPU.ActiveCfg = Debug|Any CPU
		{857523E5-B17E-412E-B890-9DCDFCFB6266}.Debug|Any CPU.Build.0 = Debug|Any CPU
		{857523E5-B17E-412E-B890-9DCDFCFB6266}.Release|Any CPU.ActiveCfg = Release|Any CPU
		{857523E5-B17E-412E-B890-9DCDFCFB6266}.Release|Any CPU.Build.0 = Release|Any CPU
		{1A835385-8CA8-4552-BB37-049B9CAD2B3A}.Debug|Any CPU.ActiveCfg = Debug|Any CPU
		{1A835385-8CA8-4552-BB37-049B9CAD2B3A}.Debug|Any CPU.Build.0 = Debug|Any CPU
		{1A835385-8CA8-4552-BB37-049B9CAD2B3A}.Release|Any CPU.ActiveCfg = Release|Any CPU
		{1A835385-8CA8-4552-BB37-049B9CAD2B3A}.Release|Any CPU.Build.0 = Release|Any CPU
		{B38659A7-A3DB-4CD1-8DFF-641B579E5092}.Debug|Any CPU.ActiveCfg = Debug|Any CPU
		{B38659A7-A3DB-4CD1-8DFF-641B579E5092}.Debug|Any CPU.Build.0 = Debug|Any CPU
		{B38659A7-A3DB-4CD1-8DFF-641B579E5092}.Release|Any CPU.ActiveCfg = Release|Any CPU
		{B38659A7-A3DB-4CD1-8DFF-641B579E5092}.Release|Any CPU.Build.0 = Release|Any CPU
		{44A061F7-B6A8-4FBD-993E-3746E8C42D6B}.Debug|Any CPU.ActiveCfg = Debug|Any CPU
		{44A061F7-B6A8-4FBD-993E-3746E8C42D6B}.Debug|Any CPU.Build.0 = Debug|Any CPU
		{44A061F7-B6A8-4FBD-993E-3746E8C42D6B}.Release|Any CPU.ActiveCfg = Release|Any CPU
		{44A061F7-B6A8-4FBD-993E-3746E8C42D6B}.Release|Any CPU.Build.0 = Release|Any CPU
		{8FE63143-541E-448D-8337-A98D1FA51541}.Debug|Any CPU.ActiveCfg = Debug|Any CPU
		{8FE63143-541E-448D-8337-A98D1FA51541}.Debug|Any CPU.Build.0 = Debug|Any CPU
		{8FE63143-541E-448D-8337-A98D1FA51541}.Release|Any CPU.ActiveCfg = Release|Any CPU
		{8FE63143-541E-448D-8337-A98D1FA51541}.Release|Any CPU.Build.0 = Release|Any CPU
		{B4719819-FE90-4A02-A71B-0169583B4752}.Debug|Any CPU.ActiveCfg = Debug|Any CPU
		{B4719819-FE90-4A02-A71B-0169583B4752}.Debug|Any CPU.Build.0 = Debug|Any CPU
		{B4719819-FE90-4A02-A71B-0169583B4752}.Release|Any CPU.ActiveCfg = Release|Any CPU
		{B4719819-FE90-4A02-A71B-0169583B4752}.Release|Any CPU.Build.0 = Release|Any CPU
		{C53FD486-9486-43EA-9257-FDD713F57050}.Debug|Any CPU.ActiveCfg = Debug|Any CPU
		{C53FD486-9486-43EA-9257-FDD713F57050}.Debug|Any CPU.Build.0 = Debug|Any CPU
		{C53FD486-9486-43EA-9257-FDD713F57050}.Release|Any CPU.ActiveCfg = Release|Any CPU
		{C53FD486-9486-43EA-9257-FDD713F57050}.Release|Any CPU.Build.0 = Release|Any CPU
		{F25D228F-FE3D-4BE8-8AEB-DCA3700DFED5}.Debug|Any CPU.ActiveCfg = Debug|Any CPU
		{F25D228F-FE3D-4BE8-8AEB-DCA3700DFED5}.Debug|Any CPU.Build.0 = Debug|Any CPU
		{F25D228F-FE3D-4BE8-8AEB-DCA3700DFED5}.Release|Any CPU.ActiveCfg = Release|Any CPU
		{F25D228F-FE3D-4BE8-8AEB-DCA3700DFED5}.Release|Any CPU.Build.0 = Release|Any CPU
		{6E257F1E-2248-4883-AC10-4E6C9DD84CA8}.Debug|Any CPU.ActiveCfg = Debug|Any CPU
		{6E257F1E-2248-4883-AC10-4E6C9DD84CA8}.Debug|Any CPU.Build.0 = Debug|Any CPU
		{6E257F1E-2248-4883-AC10-4E6C9DD84CA8}.Release|Any CPU.ActiveCfg = Release|Any CPU
		{6E257F1E-2248-4883-AC10-4E6C9DD84CA8}.Release|Any CPU.Build.0 = Release|Any CPU
		{04D014EB-2656-45B1-B798-EE8248D5B110}.Debug|Any CPU.ActiveCfg = Debug|Any CPU
		{04D014EB-2656-45B1-B798-EE8248D5B110}.Debug|Any CPU.Build.0 = Debug|Any CPU
		{04D014EB-2656-45B1-B798-EE8248D5B110}.Release|Any CPU.ActiveCfg = Release|Any CPU
		{04D014EB-2656-45B1-B798-EE8248D5B110}.Release|Any CPU.Build.0 = Release|Any CPU
	EndGlobalSection
	GlobalSection(SolutionProperties) = preSolution
		HideSolutionNode = FALSE
	EndGlobalSection
	GlobalSection(ExtensibilityGlobals) = postSolution
		SolutionGuid = {946C1875-32E1-42B4-B470-75B07BECA378}
	EndGlobalSection
  GlobalSection(SolutionConfigurationPlatforms) = preSolution
    Debug|Any CPU = Debug|Any CPU
    Release|Any CPU = Release|Any CPU
  EndGlobalSection
  GlobalSection(ProjectConfigurationPlatforms) = postSolution
    {B38659A7-A3DB-4CD1-8DFF-641B579E5092}.Debug|Any CPU.ActiveCfg = Debug|Any CPU
    {B38659A7-A3DB-4CD1-8DFF-641B579E5092}.Debug|Any CPU.Build.0 = Debug|Any CPU
    {B38659A7-A3DB-4CD1-8DFF-641B579E5092}.Release|Any CPU.ActiveCfg = Release|Any CPU
    {B38659A7-A3DB-4CD1-8DFF-641B579E5092}.Release|Any CPU.Build.0 = Release|Any CPU
    {44A061F7-B6A8-4FBD-993E-3746E8C42D6B}.Debug|Any CPU.ActiveCfg = Debug|Any CPU
    {44A061F7-B6A8-4FBD-993E-3746E8C42D6B}.Debug|Any CPU.Build.0 = Debug|Any CPU
    {44A061F7-B6A8-4FBD-993E-3746E8C42D6B}.Release|Any CPU.ActiveCfg = Release|Any CPU
    {44A061F7-B6A8-4FBD-993E-3746E8C42D6B}.Release|Any CPU.Build.0 = Release|Any CPU
    {8FE63143-541E-448D-8337-A98D1FA51541}.Debug|Any CPU.ActiveCfg = Debug|Any CPU
    {8FE63143-541E-448D-8337-A98D1FA51541}.Debug|Any CPU.Build.0 = Debug|Any CPU
    {8FE63143-541E-448D-8337-A98D1FA51541}.Release|Any CPU.ActiveCfg = Release|Any CPU
    {8FE63143-541E-448D-8337-A98D1FA51541}.Release|Any CPU.Build.0 = Release|Any CPU
  EndGlobalSection
  GlobalSection(SolutionProperties) = preSolution
    HideSolutionNode = FALSE
  EndGlobalSection
  GlobalSection(ExtensibilityGlobals) = postSolution
    SolutionGuid = {FDBC18D9-2C43-41BF-A01B-7F87F9C1AEA2}
  EndGlobalSection
EndGlobal
